
Microsoft Visual Studio Solution File, Format Version 12.00
# Visual Studio Version 16
VisualStudioVersion = 16.0.29806.167
MinimumVisualStudioVersion = 10.0.40219.1
Project("{8BC9CEB8-8B4A-11D0-8D11-00A0C91BC942}") = "BasicVRFBEPlugin", "BasicVRFBEPlugin.vcxproj", "{7925DEF7-5C96-30DC-99B4-0E6A23211519}"
EndProject
Global
	GlobalSection(SolutionConfigurationPlatforms) = preSolution
		Debug|x64 = Debug|x64
		Release|x64 = Release|x64
	EndGlobalSection
	GlobalSection(ProjectConfigurationPlatforms) = postSolution
		{7925DEF7-5C96-30DC-99B4-0E6A23211519}.Debug|x64.ActiveCfg = Debug|x64
		{7925DEF7-5C96-30DC-99B4-0E6A23211519}.Debug|x64.Build.0 = Debug|x64
		{7925DEF7-5C96-30DC-99B4-0E6A23211519}.Release|x64.ActiveCfg = Release|x64
		{7925DEF7-5C96-30DC-99B4-0E6A23211519}.Release|x64.Build.0 = Release|x64
	EndGlobalSection
	GlobalSection(SolutionProperties) = preSolution
		HideSolutionNode = FALSE
	EndGlobalSection
	GlobalSection(ExtensibilityGlobals) = postSolution
		SolutionGuid = {38C42A5C-9F99-4762-9B6C-67D09BD920EB}
	EndGlobalSection
EndGlobal
